
Microsoft Visual Studio Solution File, Format Version 12.00
# Visual Studio Version 16
VisualStudioVersion = 16.0.31321.278
MinimumVisualStudioVersion = 10.0.40219.1
Project("{FAE04EC0-301F-11D3-BF4B-00C04F79EFBC}") = "ejemplo", "ejemplo\ejemplo.csproj", "{0082B2D8-C987-4EB9-8477-4BC384254E5F}"
EndProject
Global
	GlobalSection(SolutionConfigurationPlatforms) = preSolution
		Debug|Any CPU = Debug|Any CPU
		Release|Any CPU = Release|Any CPU
	EndGlobalSection
	GlobalSection(ProjectConfigurationPlatforms) = postSolution
		{0082B2D8-C987-4EB9-8477-4BC384254E5F}.Debug|Any CPU.ActiveCfg = Debug|Any CPU
		{0082B2D8-C987-4EB9-8477-4BC384254E5F}.Debug|Any CPU.Build.0 = Debug|Any CPU
		{0082B2D8-C987-4EB9-8477-4BC384254E5F}.Release|Any CPU.ActiveCfg = Release|Any CPU
		{0082B2D8-C987-4EB9-8477-4BC384254E5F}.Release|Any CPU.Build.0 = Release|Any CPU
	EndGlobalSection
	GlobalSection(SolutionProperties) = preSolution
		HideSolutionNode = FALSE
	EndGlobalSection
	GlobalSection(ExtensibilityGlobals) = postSolution
		SolutionGuid = {2DA4C14D-F604-4413-ADC2-403E8E3DD481}
	EndGlobalSection
EndGlobal
